
Microsoft Visual Studio Solution File, Format Version 12.00
# Visual Studio Version 17
VisualStudioVersion = 17.2.32802.462
MinimumVisualStudioVersion = 10.0.40219.1
Project("{FAE04EC0-301F-11D3-BF4B-00C04F79EFBC}") = "FeatureManagementWithtaghelper", "FeatureManagementWithtaghelper.csproj", "{AEFF8CAC-F8B5-426A-B037-BB908E7D3964}"
EndProject
Global
	GlobalSection(SolutionConfigurationPlatforms) = preSolution
		Debug|Any CPU = Debug|Any CPU
		Release|Any CPU = Release|Any CPU
	EndGlobalSection
	GlobalSection(ProjectConfigurationPlatforms) = postSolution
		{AEFF8CAC-F8B5-426A-B037-BB908E7D3964}.Debug|Any CPU.ActiveCfg = Debug|Any CPU
		{AEFF8CAC-F8B5-426A-B037-BB908E7D3964}.Debug|Any CPU.Build.0 = Debug|Any CPU
		{AEFF8CAC-F8B5-426A-B037-BB908E7D3964}.Release|Any CPU.ActiveCfg = Release|Any CPU
		{AEFF8CAC-F8B5-426A-B037-BB908E7D3964}.Release|Any CPU.Build.0 = Release|Any CPU
	EndGlobalSection
	GlobalSection(SolutionProperties) = preSolution
		HideSolutionNode = FALSE
	EndGlobalSection
	GlobalSection(ExtensibilityGlobals) = postSolution
		SolutionGuid = {E5D5A54A-A4EA-446E-A466-73D835D38828}
	EndGlobalSection
EndGlobal
